
Microsoft Visual Studio Solution File, Format Version 12.00
# Visual Studio Version 17
VisualStudioVersion = 17.8.34330.188
MinimumVisualStudioVersion = 10.0.40219.1
Project("{FAE04EC0-301F-11D3-BF4B-00C04F79EFBC}") = "Web", "Web\Web.csproj", "{D63045C4-21E6-4978-9486-820E1B1F3B7D}"
EndProject
Project("{FAE04EC0-301F-11D3-BF4B-00C04F79EFBC}") = "Core", "Domain\Core.csproj", "{B7D5EDD1-1265-44BD-9007-0AE5DCAFAF51}"
EndProject
Global
	GlobalSection(SolutionConfigurationPlatforms) = preSolution
		Debug|Any CPU = Debug|Any CPU
		Release|Any CPU = Release|Any CPU
	EndGlobalSection
	GlobalSection(ProjectConfigurationPlatforms) = postSolution
		{D63045C4-21E6-4978-9486-820E1B1F3B7D}.Debug|Any CPU.ActiveCfg = Debug|Any CPU
		{D63045C4-21E6-4978-9486-820E1B1F3B7D}.Debug|Any CPU.Build.0 = Debug|Any CPU
		{D63045C4-21E6-4978-9486-820E1B1F3B7D}.Release|Any CPU.ActiveCfg = Release|Any CPU
		{D63045C4-21E6-4978-9486-820E1B1F3B7D}.Release|Any CPU.Build.0 = Release|Any CPU
		{B7D5EDD1-1265-44BD-9007-0AE5DCAFAF51}.Debug|Any CPU.ActiveCfg = Debug|Any CPU
		{B7D5EDD1-1265-44BD-9007-0AE5DCAFAF51}.Debug|Any CPU.Build.0 = Debug|Any CPU
		{B7D5EDD1-1265-44BD-9007-0AE5DCAFAF51}.Release|Any CPU.ActiveCfg = Release|Any CPU
		{B7D5EDD1-1265-44BD-9007-0AE5DCAFAF51}.Release|Any CPU.Build.0 = Release|Any CPU
	EndGlobalSection
	GlobalSection(SolutionProperties) = preSolution
		HideSolutionNode = FALSE
	EndGlobalSection
	GlobalSection(ExtensibilityGlobals) = postSolution
		SolutionGuid = {B2D6EFB0-E0E9-44CE-8C0D-271143A13FAF}
	EndGlobalSection
EndGlobal
